
Microsoft Visual Studio Solution File, Format Version 12.00
# Visual Studio Version 17
VisualStudioVersion = 17.9.34902.65
MinimumVisualStudioVersion = 10.0.40219.1
Project("{FAE04EC0-301F-11D3-BF4B-00C04F79EFBC}") = "CardsWebApi", "CardsWebApi\CardsWebApi.csproj", "{2E8B720E-FD34-4547-BB3B-A71B5F7C3F36}"
EndProject
Global
	GlobalSection(SolutionConfigurationPlatforms) = preSolution
		Debug|Any CPU = Debug|Any CPU
		Release|Any CPU = Release|Any CPU
	EndGlobalSection
	GlobalSection(ProjectConfigurationPlatforms) = postSolution
		{2E8B720E-FD34-4547-BB3B-A71B5F7C3F36}.Debug|Any CPU.ActiveCfg = Debug|Any CPU
		{2E8B720E-FD34-4547-BB3B-A71B5F7C3F36}.Debug|Any CPU.Build.0 = Debug|Any CPU
		{2E8B720E-FD34-4547-BB3B-A71B5F7C3F36}.Release|Any CPU.ActiveCfg = Release|Any CPU
		{2E8B720E-FD34-4547-BB3B-A71B5F7C3F36}.Release|Any CPU.Build.0 = Release|Any CPU
	EndGlobalSection
	GlobalSection(SolutionProperties) = preSolution
		HideSolutionNode = FALSE
	EndGlobalSection
	GlobalSection(ExtensibilityGlobals) = postSolution
		SolutionGuid = {E5E6FD5E-2AC4-4336-BA7C-CE1D243E3572}
	EndGlobalSection
EndGlobal
